
Microsoft Visual Studio Solution File, Format Version 12.00
# Visual Studio Version 17
VisualStudioVersion = 17.5.002.0
MinimumVisualStudioVersion = 10.0.40219.1
Project("{9A19103F-16F7-4668-BE54-9A1E7A4F7556}") = "Basics", "Basics.csproj", "{9B6643CA-49FC-4CE6-AD01-EC932D975459}"
EndProject
Global
	GlobalSection(SolutionConfigurationPlatforms) = preSolution
		Debug|Any CPU = Debug|Any CPU
		Release|Any CPU = Release|Any CPU
	EndGlobalSection
	GlobalSection(ProjectConfigurationPlatforms) = postSolution
		{9B6643CA-49FC-4CE6-AD01-EC932D975459}.Debug|Any CPU.ActiveCfg = Debug|Any CPU
		{9B6643CA-49FC-4CE6-AD01-EC932D975459}.Debug|Any CPU.Build.0 = Debug|Any CPU
		{9B6643CA-49FC-4CE6-AD01-EC932D975459}.Release|Any CPU.ActiveCfg = Release|Any CPU
		{9B6643CA-49FC-4CE6-AD01-EC932D975459}.Release|Any CPU.Build.0 = Release|Any CPU
	EndGlobalSection
	GlobalSection(SolutionProperties) = preSolution
		HideSolutionNode = FALSE
	EndGlobalSection
	GlobalSection(ExtensibilityGlobals) = postSolution
		SolutionGuid = {7906E590-2B05-43FD-B37A-CF7CD1E9B4DC}
	EndGlobalSection
EndGlobal
